Microsoft Visual Studio Solution File, Format Version 12.00
# Visual Studio Version 17
VisualStudioVersion = 17.5.2.0
MinimumVisualStudioVersion = 10.0.40219.1
Project("{2150E333-8FDC-42A3-9474-1A3956D46DE8}") = "src", "src", "{827E0CD3-B72D-47B6-A68D-7590B98EB39B}"
EndProject
Project("{FAE04EC0-301F-11D3-BF4B-00C04F79EFBC}") = "ShoppingApp.API", "src\ShoppingApp.API\ShoppingApp.API.csproj", "{39269753-11C8-FA9D-DDB1-95654653624C}"
EndProject
Project("{FAE04EC0-301F-11D3-BF4B-00C04F79EFBC}") = "ShoppingApp.Core", "src\ShoppingApp.Core\ShoppingApp.Core.csproj", "{90933A82-DEA4-D776-1E67-6DF52D642007}"
EndProject
Project("{FAE04EC0-301F-11D3-BF4B-00C04F79EFBC}") = "ShoppingApp.Infrastructure", "src\ShoppingApp.Infrastructure\ShoppingApp.Infrastructure.csproj", "{6A4D2B3C-B00D-7FC5-E40B-D13ACFB2D88D}"
EndProject
Global
	GlobalSection(SolutionConfigurationPlatforms) = preSolution
		Debug|Any CPU = Debug|Any CPU
		Release|Any CPU = Release|Any CPU
	EndGlobalSection
	GlobalSection(ProjectConfigurationPlatforms) = postSolution
		{39269753-11C8-FA9D-DDB1-95654653624C}.Debug|Any CPU.ActiveCfg = Debug|Any CPU
		{39269753-11C8-FA9D-DDB1-95654653624C}.Debug|Any CPU.Build.0 = Debug|Any CPU
		{39269753-11C8-FA9D-DDB1-95654653624C}.Release|Any CPU.ActiveCfg = Release|Any CPU
		{39269753-11C8-FA9D-DDB1-95654653624C}.Release|Any CPU.Build.0 = Release|Any CPU
		{90933A82-DEA4-D776-1E67-6DF52D642007}.Debug|Any CPU.ActiveCfg = Debug|Any CPU
		{90933A82-DEA4-D776-1E67-6DF52D642007}.Debug|Any CPU.Build.0 = Debug|Any CPU
		{90933A82-DEA4-D776-1E67-6DF52D642007}.Release|Any CPU.ActiveCfg = Release|Any CPU
		{90933A82-DEA4-D776-1E67-6DF52D642007}.Release|Any CPU.Build.0 = Release|Any CPU
		{6A4D2B3C-B00D-7FC5-E40B-D13ACFB2D88D}.Debug|Any CPU.ActiveCfg = Debug|Any CPU
		{6A4D2B3C-B00D-7FC5-E40B-D13ACFB2D88D}.Debug|Any CPU.Build.0 = Debug|Any CPU
		{6A4D2B3C-B00D-7FC5-E40B-D13ACFB2D88D}.Release|Any CPU.ActiveCfg = Release|Any CPU
		{6A4D2B3C-B00D-7FC5-E40B-D13ACFB2D88D}.Release|Any CPU.Build.0 = Release|Any CPU
	EndGlobalSection
	GlobalSection(SolutionProperties) = preSolution
		HideSolutionNode = FALSE
	EndGlobalSection
	GlobalSection(NestedProjects) = preSolution
		{39269753-11C8-FA9D-DDB1-95654653624C} = {827E0CD3-B72D-47B6-A68D-7590B98EB39B}
		{90933A82-DEA4-D776-1E67-6DF52D642007} = {827E0CD3-B72D-47B6-A68D-7590B98EB39B}
		{6A4D2B3C-B00D-7FC5-E40B-D13ACFB2D88D} = {827E0CD3-B72D-47B6-A68D-7590B98EB39B}
	EndGlobalSection
	GlobalSection(ExtensibilityGlobals) = postSolution
		SolutionGuid = {C52A850D-18E6-4329-B072-4502B925F50D}
	EndGlobalSection
EndGlobal
